
Microsoft Visual Studio Solution File, Format Version 12.00
# Visual Studio Version 16
VisualStudioVersion = 16.0.30804.86
MinimumVisualStudioVersion = 10.0.40219.1
Project("{FAE04EC0-301F-11D3-BF4B-00C04F79EFBC}") = "SynthwaveTheme", "SynthwaveTheme.csproj", "{2E0C998D-C5A8-4DB7-8B12-D9F65812BE1A}"
EndProject
Global
	GlobalSection(SolutionConfigurationPlatforms) = preSolution
		Debug|Any CPU = Debug|Any CPU
		Release|Any CPU = Release|Any CPU
	EndGlobalSection
	GlobalSection(ProjectConfigurationPlatforms) = postSolution
		{2E0C998D-C5A8-4DB7-8B12-D9F65812BE1A}.Debug|Any CPU.ActiveCfg = Debug|Any CPU
		{2E0C998D-C5A8-4DB7-8B12-D9F65812BE1A}.Debug|Any CPU.Build.0 = Debug|Any CPU
		{2E0C998D-C5A8-4DB7-8B12-D9F65812BE1A}.Release|Any CPU.ActiveCfg = Release|Any CPU
		{2E0C998D-C5A8-4DB7-8B12-D9F65812BE1A}.Release|Any CPU.Build.0 = Release|Any CPU
	EndGlobalSection
	GlobalSection(SolutionProperties) = preSolution
		HideSolutionNode = FALSE
	EndGlobalSection
	GlobalSection(ExtensibilityGlobals) = postSolution
		SolutionGuid = {431E7C2C-3F20-4C56-8D68-B2EC7CB6B240}
	EndGlobalSection
EndGlobal
